# @generated by Move, please check-in and do not edit manually.

[move]
version = 0
manifest_digest = "0B5EB950DB6ACE76CEBF10372C32509A89A8640AB43D97F6BA1CEDFE1C0312A6"
deps_digest = "F8BBB0CCB2491CA29A3DF03D6F92277A4F3574266507ACD77214D37ECA3F3082"

dependencies = [
  { name = "Sui" },
]

[[move.package]]
name = "MoveStdlib"
source = { git = "https://github.com/MystenLabs/sui.git", rev = "framework/mainnet", subdir = "crates/sui-framework/packages/move-stdlib" }

[[move.package]]
name = "Sui"
source = { git = "https://github.com/MystenLabs/sui.git", rev = "framework/mainnet", subdir = "crates/sui-framework/packages/sui-framework" }

dependencies = [
  { name = "MoveStdlib" },
]

[move.toolchain-version]
compiler-version = "1.25.0"
edition = "legacy"
flavor = "sui"

[env]

[env.testnet]
chain-id = "4c78adac"
original-published-id = "0x1c394f56455fe46153a3fe333f735193b0f3480ba0a6fe6dfcc48cadacea0589"
latest-published-id = "0x1c394f56455fe46153a3fe333f735193b0f3480ba0a6fe6dfcc48cadacea0589"
published-version = "1"
